
Microsoft Visual Studio Solution File, Format Version 12.00
# Visual Studio 15
VisualStudioVersion = 15.0.27130.2036
MinimumVisualStudioVersion = 10.0.40219.1
Project("{FAE04EC0-301F-11D3-BF4B-00C04F79EFBC}") = "WebApp", "WebApp\WebApp.csproj", "{999266D3-6278-4654-B4DE-A9CBF67DD47F}"
EndProject
Global
	GlobalSection(SolutionConfigurationPlatforms) = preSolution
		Debug|Any CPU = Debug|Any CPU
		Release|Any CPU = Release|Any CPU
	EndGlobalSection
	GlobalSection(ProjectConfigurationPlatforms) = postSolution
		{999266D3-6278-4654-B4DE-A9CBF67DD47F}.Debug|Any CPU.ActiveCfg = Debug|Any CPU
		{999266D3-6278-4654-B4DE-A9CBF67DD47F}.Debug|Any CPU.Build.0 = Debug|Any CPU
		{999266D3-6278-4654-B4DE-A9CBF67DD47F}.Release|Any CPU.ActiveCfg = Release|Any CPU
		{999266D3-6278-4654-B4DE-A9CBF67DD47F}.Release|Any CPU.Build.0 = Release|Any CPU
	EndGlobalSection
	GlobalSection(SolutionProperties) = preSolution
		HideSolutionNode = FALSE
	EndGlobalSection
	GlobalSection(ExtensibilityGlobals) = postSolution
		SolutionGuid = {DE4A4306-7BDD-4EC9-83FB-0A3806F7CA24}
	EndGlobalSection
EndGlobal
