
Microsoft Visual Studio Solution File, Format Version 12.00
# Visual Studio 15
VisualStudioVersion = 15.0.27130.2036
MinimumVisualStudioVersion = 10.0.40219.1
Project("{FAE04EC0-301F-11D3-BF4B-00C04F79EFBC}") = "OOPSDrive", "OOPSDrive\OOPSDrive.csproj", "{47766AA3-8D0C-431E-959D-68250611EC08}"
EndProject
Global
	GlobalSection(SolutionConfigurationPlatforms) = preSolution
		Debug|Any CPU = Debug|Any CPU
		Release|Any CPU = Release|Any CPU
	EndGlobalSection
	GlobalSection(ProjectConfigurationPlatforms) = postSolution
		{47766AA3-8D0C-431E-959D-68250611EC08}.Debug|Any CPU.ActiveCfg = Debug|Any CPU
		{47766AA3-8D0C-431E-959D-68250611EC08}.Debug|Any CPU.Build.0 = Debug|Any CPU
		{47766AA3-8D0C-431E-959D-68250611EC08}.Release|Any CPU.ActiveCfg = Release|Any CPU
		{47766AA3-8D0C-431E-959D-68250611EC08}.Release|Any CPU.Build.0 = Release|Any CPU
	EndGlobalSection
	GlobalSection(SolutionProperties) = preSolution
		HideSolutionNode = FALSE
	EndGlobalSection
	GlobalSection(ExtensibilityGlobals) = postSolution
		SolutionGuid = {4BEF3A3D-0F26-4A4D-BB94-ECE6C2BD9D7B}
	EndGlobalSection
EndGlobal
